
Microsoft Visual Studio Solution File, Format Version 12.00
# Visual Studio 15
VisualStudioVersion = 15.0.28010.2016
MinimumVisualStudioVersion = 10.0.40219.1
Project("{FAE04EC0-301F-11D3-BF4B-00C04F79EFBC}") = "Callculator", "Callculator\Callculator.csproj", "{04E0ABC8-FF96-4125-903C-69B8AF43F805}"
EndProject
Global
	GlobalSection(SolutionConfigurationPlatforms) = preSolution
		Debug|Any CPU = Debug|Any CPU
		Release|Any CPU = Release|Any CPU
	EndGlobalSection
	GlobalSection(ProjectConfigurationPlatforms) = postSolution
		{04E0ABC8-FF96-4125-903C-69B8AF43F805}.Debug|Any CPU.ActiveCfg = Debug|Any CPU
		{04E0ABC8-FF96-4125-903C-69B8AF43F805}.Debug|Any CPU.Build.0 = Debug|Any CPU
		{04E0ABC8-FF96-4125-903C-69B8AF43F805}.Release|Any CPU.ActiveCfg = Release|Any CPU
		{04E0ABC8-FF96-4125-903C-69B8AF43F805}.Release|Any CPU.Build.0 = Release|Any CPU
	EndGlobalSection
	GlobalSection(SolutionProperties) = preSolution
		HideSolutionNode = FALSE
	EndGlobalSection
	GlobalSection(ExtensibilityGlobals) = postSolution
		SolutionGuid = {2C762D0E-4485-4660-9414-9328C5361AD1}
	EndGlobalSection
EndGlobal
